
Microsoft Visual Studio Solution File, Format Version 12.00
# Visual Studio Version 16
VisualStudioVersion = 16.0.28803.452
MinimumVisualStudioVersion = 10.0.40219.1
Project("{9A19103F-16F7-4668-BE54-9A1E7A4F7556}") = "SurviveOnSotka", "SurviveOnSotka\SurviveOnSotka.csproj", "{1D8BCFD0-788C-4462-B744-2A8870047CC5}"
EndProject
Project("{9A19103F-16F7-4668-BE54-9A1E7A4F7556}") = "SurviveOnSotka.Entities", "Entities\SurviveOnSotka.Entities.csproj", "{8D65AC4E-654C-4CB0-9199-9447C0BE5CD5}"
EndProject
Project("{9A19103F-16F7-4668-BE54-9A1E7A4F7556}") = "SurviveOnSotka.Db", "Db\SurviveOnSotka.Db.csproj", "{3A82F6EB-500E-4EB2-9335-EE1E39DC65E3}"
EndProject
Project("{9A19103F-16F7-4668-BE54-9A1E7A4F7556}") = "SurviveOnSotka.DataAccess", "SurviveOnSotka.DataAccess\SurviveOnSotka.DataAccess.csproj", "{CA74910D-B6ED-4BD9-B42E-78CCE2176555}"
EndProject
Project("{9A19103F-16F7-4668-BE54-9A1E7A4F7556}") = "SurviveOnSotka.DataAccess.DbImplementation", "DataAccess.DbImplementation\SurviveOnSotka.DataAccess.DbImplementation.csproj", "{CA3BDDD3-6FB6-41A5-B6C6-520B2820F506}"
EndProject
Project("{9A19103F-16F7-4668-BE54-9A1E7A4F7556}") = "SurviveOnSotka.ViewModel.Implementanion", "SurviveOnSotka.ViewModel\SurviveOnSotka.ViewModel.Implementanion.csproj", "{3E188A79-CD74-481D-8F79-DA6C1879DE00}"
EndProject
Project("{FAE04EC0-301F-11D3-BF4B-00C04F79EFBC}") = "SurviveOnSotka.ViewModell", "SurviveOnSotka.ViewModell\SurviveOnSotka.ViewModell.csproj", "{09B506AE-2B0A-4445-8F2A-66960C1AB492}"
EndProject
Global
	GlobalSection(SolutionConfigurationPlatforms) = preSolution
		Debug|Any CPU = Debug|Any CPU
		Release|Any CPU = Release|Any CPU
	EndGlobalSection
	GlobalSection(ProjectConfigurationPlatforms) = postSolution
		{1D8BCFD0-788C-4462-B744-2A8870047CC5}.Debug|Any CPU.ActiveCfg = Debug|Any CPU
		{1D8BCFD0-788C-4462-B744-2A8870047CC5}.Debug|Any CPU.Build.0 = Debug|Any CPU
		{1D8BCFD0-788C-4462-B744-2A8870047CC5}.Release|Any CPU.ActiveCfg = Release|Any CPU
		{1D8BCFD0-788C-4462-B744-2A8870047CC5}.Release|Any CPU.Build.0 = Release|Any CPU
		{8D65AC4E-654C-4CB0-9199-9447C0BE5CD5}.Debug|Any CPU.ActiveCfg = Debug|Any CPU
		{8D65AC4E-654C-4CB0-9199-9447C0BE5CD5}.Debug|Any CPU.Build.0 = Debug|Any CPU
		{8D65AC4E-654C-4CB0-9199-9447C0BE5CD5}.Release|Any CPU.ActiveCfg = Release|Any CPU
		{8D65AC4E-654C-4CB0-9199-9447C0BE5CD5}.Release|Any CPU.Build.0 = Release|Any CPU
		{3A82F6EB-500E-4EB2-9335-EE1E39DC65E3}.Debug|Any CPU.ActiveCfg = Debug|Any CPU
		{3A82F6EB-500E-4EB2-9335-EE1E39DC65E3}.Debug|Any CPU.Build.0 = Debug|Any CPU
		{3A82F6EB-500E-4EB2-9335-EE1E39DC65E3}.Release|Any CPU.ActiveCfg = Release|Any CPU
		{3A82F6EB-500E-4EB2-9335-EE1E39DC65E3}.Release|Any CPU.Build.0 = Release|Any CPU
		{CA74910D-B6ED-4BD9-B42E-78CCE2176555}.Debug|Any CPU.ActiveCfg = Debug|Any CPU
		{CA74910D-B6ED-4BD9-B42E-78CCE2176555}.Debug|Any CPU.Build.0 = Debug|Any CPU
		{CA74910D-B6ED-4BD9-B42E-78CCE2176555}.Release|Any CPU.ActiveCfg = Release|Any CPU
		{CA74910D-B6ED-4BD9-B42E-78CCE2176555}.Release|Any CPU.Build.0 = Release|Any CPU
		{CA3BDDD3-6FB6-41A5-B6C6-520B2820F506}.Debug|Any CPU.ActiveCfg = Debug|Any CPU
		{CA3BDDD3-6FB6-41A5-B6C6-520B2820F506}.Debug|Any CPU.Build.0 = Debug|Any CPU
		{CA3BDDD3-6FB6-41A5-B6C6-520B2820F506}.Release|Any CPU.ActiveCfg = Release|Any CPU
		{CA3BDDD3-6FB6-41A5-B6C6-520B2820F506}.Release|Any CPU.Build.0 = Release|Any CPU
		{3E188A79-CD74-481D-8F79-DA6C1879DE00}.Debug|Any CPU.ActiveCfg = Debug|Any CPU
		{3E188A79-CD74-481D-8F79-DA6C1879DE00}.Debug|Any CPU.Build.0 = Debug|Any CPU
		{3E188A79-CD74-481D-8F79-DA6C1879DE00}.Release|Any CPU.ActiveCfg = Release|Any CPU
		{3E188A79-CD74-481D-8F79-DA6C1879DE00}.Release|Any CPU.Build.0 = Release|Any CPU
		{09B506AE-2B0A-4445-8F2A-66960C1AB492}.Debug|Any CPU.ActiveCfg = Debug|Any CPU
		{09B506AE-2B0A-4445-8F2A-66960C1AB492}.Debug|Any CPU.Build.0 = Debug|Any CPU
		{09B506AE-2B0A-4445-8F2A-66960C1AB492}.Release|Any CPU.ActiveCfg = Release|Any CPU
		{09B506AE-2B0A-4445-8F2A-66960C1AB492}.Release|Any CPU.Build.0 = Release|Any CPU
	EndGlobalSection
	GlobalSection(SolutionProperties) = preSolution
		HideSolutionNode = FALSE
	EndGlobalSection
	GlobalSection(ExtensibilityGlobals) = postSolution
		SolutionGuid = {706610F4-785C-43A2-8F83-363775DBCFB9}
	EndGlobalSection
EndGlobal
